
Microsoft Visual Studio Solution File, Format Version 12.00
# Visual Studio Version 17
VisualStudioVersion = 17.2.32526.322
MinimumVisualStudioVersion = 10.0.40219.1
Project("{FAE04EC0-301F-11D3-BF4B-00C04F79EFBC}") = "API", "API\API.csproj", "{89240C72-2A7E-4749-B61A-8D538C661337}"
EndProject
Global
	GlobalSection(SolutionConfigurationPlatforms) = preSolution
		Debug|Any CPU = Debug|Any CPU
		Release|Any CPU = Release|Any CPU
	EndGlobalSection
	GlobalSection(ProjectConfigurationPlatforms) = postSolution
		{89240C72-2A7E-4749-B61A-8D538C661337}.Debug|Any CPU.ActiveCfg = Debug|Any CPU
		{89240C72-2A7E-4749-B61A-8D538C661337}.Debug|Any CPU.Build.0 = Debug|Any CPU
		{89240C72-2A7E-4749-B61A-8D538C661337}.Release|Any CPU.ActiveCfg = Release|Any CPU
		{89240C72-2A7E-4749-B61A-8D538C661337}.Release|Any CPU.Build.0 = Release|Any CPU
	EndGlobalSection
	GlobalSection(SolutionProperties) = preSolution
		HideSolutionNode = FALSE
	EndGlobalSection
	GlobalSection(ExtensibilityGlobals) = postSolution
		SolutionGuid = {626DCE07-0794-42D2-B617-FF82F73493EC}
	EndGlobalSection
EndGlobal
